# @generated - this file is auto-generated by `mise lock` https://mise.en.dev/dev-tools/mise-lock.html

[[tools.bat]]
version = "0.26.1"
backend = "ubi:sharkdp/bat"

[[tools.cspell]]
version = "10.0.1"
backend = "npm:cspell"

[[tools.delta]]
version = "0.19.2"
backend = "aqua:dandavison/delta"

[tools.delta."platforms.linux-arm64"]
checksum = "sha256:0bfce159a5cddd5feb3d6db4a616d883ff51253ce08ac7ec11cb1d208cfaab9e"
url = "https://github.com/dandavison/delta/releases/download/0.19.2/delta-0.19.2-aarch64-unknown-linux-gnu.tar.gz"
url_api = "https://api.github.com/repos/dandavison/delta/releases/assets/383662337"

[tools.delta."platforms.linux-arm64-musl"]
checksum = "sha256:0bfce159a5cddd5feb3d6db4a616d883ff51253ce08ac7ec11cb1d208cfaab9e"
url = "https://github.com/dandavison/delta/releases/download/0.19.2/delta-0.19.2-aarch64-unknown-linux-gnu.tar.gz"

[tools.delta."platforms.linux-x64"]
checksum = "sha256:f1ea01ca7728ce3462debc359f39dfc7cbbc1a63224b71fefabf92042864aa1b"
url = "https://github.com/dandavison/delta/releases/download/0.19.2/delta-0.19.2-x86_64-unknown-linux-musl.tar.gz"
url_api = "https://api.github.com/repos/dandavison/delta/releases/assets/383662298"

[tools.delta."platforms.linux-x64-musl"]
checksum = "sha256:f1ea01ca7728ce3462debc359f39dfc7cbbc1a63224b71fefabf92042864aa1b"
url = "https://github.com/dandavison/delta/releases/download/0.19.2/delta-0.19.2-x86_64-unknown-linux-musl.tar.gz"
url_api = "https://api.github.com/repos/dandavison/delta/releases/assets/383662298"

[tools.delta."platforms.macos-arm64"]
checksum = "sha256:9be36612a5a13e9e386dc498fb8e50dc87c72ee42b63db0ea05b32f99a72a69a"
url = "https://github.com/dandavison/delta/releases/download/0.19.2/delta-0.19.2-aarch64-apple-darwin.tar.gz"
url_api = "https://api.github.com/repos/dandavison/delta/releases/assets/383662310"

[tools.delta."platforms.windows-x64"]
checksum = "sha256:ac8ebb4a9f1cbee8b9ea897ba119808a244181adae6f3bed1f3b6b923c50b557"
url = "https://github.com/dandavison/delta/releases/download/0.19.2/delta-0.19.2-x86_64-pc-windows-msvc.zip"
url_api = "https://api.github.com/repos/dandavison/delta/releases/assets/383663165"

[[tools.dua]]
version = "2.42.1"
backend = "aqua:Byron/dua-cli"

[tools.dua."platforms.linux-arm64"]
checksum = "sha256:3b68248d4b6c4b05042f1ba7579502cc6a62fbe903be3871b54f3fd99fd5c98d"
url = "https://github.com/Byron/dua-cli/releases/download/v2.42.1/dua-v2.42.1-aarch64-unknown-linux-musl.tar.gz"
url_api = "https://api.github.com/repos/Byron/dua-cli/releases/assets/515321877"
provenance = "github-attestations"

[tools.dua."platforms.linux-arm64-musl"]
checksum = "sha256:3b68248d4b6c4b05042f1ba7579502cc6a62fbe903be3871b54f3fd99fd5c98d"
url = "https://github.com/Byron/dua-cli/releases/download/v2.42.1/dua-v2.42.1-aarch64-unknown-linux-musl.tar.gz"
url_api = "https://api.github.com/repos/Byron/dua-cli/releases/assets/515321877"
provenance = "github-attestations"

[tools.dua."platforms.linux-x64"]
checksum = "sha256:897e1f394c696c5be81670f95fb457c89ee35e898aa3100f95b7abf1563bf329"
url = "https://github.com/Byron/dua-cli/releases/download/v2.42.1/dua-v2.42.1-x86_64-unknown-linux-musl.tar.gz"
url_api = "https://api.github.com/repos/Byron/dua-cli/releases/assets/515321819"
provenance = "github-attestations"

[tools.dua."platforms.linux-x64-musl"]
checksum = "sha256:897e1f394c696c5be81670f95fb457c89ee35e898aa3100f95b7abf1563bf329"
url = "https://github.com/Byron/dua-cli/releases/download/v2.42.1/dua-v2.42.1-x86_64-unknown-linux-musl.tar.gz"
url_api = "https://api.github.com/repos/Byron/dua-cli/releases/assets/515321819"
provenance = "github-attestations"

[tools.dua."platforms.macos-arm64"]
checksum = "sha256:7568c5960074f4250781fcddd1d8bac0178b3cf2cf22f76377dcc63121bf7e81"
url = "https://github.com/Byron/dua-cli/releases/download/v2.42.1/dua-v2.42.1-x86_64-apple-darwin.tar.gz"
url_api = "https://api.github.com/repos/Byron/dua-cli/releases/assets/515321170"
provenance = "github-attestations"

[tools.dua."platforms.macos-x64"]
checksum = "sha256:7568c5960074f4250781fcddd1d8bac0178b3cf2cf22f76377dcc63121bf7e81"
url = "https://github.com/Byron/dua-cli/releases/download/v2.42.1/dua-v2.42.1-x86_64-apple-darwin.tar.gz"
url_api = "https://api.github.com/repos/Byron/dua-cli/releases/assets/515321170"
provenance = "github-attestations"

[tools.dua."platforms.windows-x64"]
checksum = "sha256:6e81d82dee23e45fb7e93b61c94ad827e5805cd4e6169882298eab4d07b0330d"
url = "https://github.com/Byron/dua-cli/releases/download/v2.42.1/dua-v2.42.1-x86_64-pc-windows-msvc.zip"
url_api = "https://api.github.com/repos/Byron/dua-cli/releases/assets/515322841"
provenance = "github-attestations"

[[tools.edit]]
version = "2.0.0"
backend = "aqua:microsoft/edit"

[tools.edit."platforms.linux-arm64"]
checksum = "sha256:b39f0b128d29d4c00f32a416c515f2c7758e0ec8d7457ee10b948e7b76636da4"
url = "https://github.com/microsoft/edit/releases/download/v2.0.0/edit-2.0.0-aarch64-linux-gnu.tar.gz"
url_api = "https://api.github.com/repos/microsoft/edit/releases/assets/407512639"

[tools.edit."platforms.linux-x64"]
checksum = "sha256:7854d477e73e7b94cd02f35959eea778a4d8408f6ffc657644ae1a715124786c"
url = "https://github.com/microsoft/edit/releases/download/v2.0.0/edit-2.0.0-x86_64-linux-gnu.tar.gz"
url_api = "https://api.github.com/repos/microsoft/edit/releases/assets/407512635"

[tools.edit."platforms.macos-arm64"]
checksum = "sha256:00093500243fa0cda3f3e90f3798943db22f09f9c4ec457360964aa337ca192c"
url = "https://github.com/microsoft/edit/releases/download/v2.0.0/edit-2.0.0-aarch64-apple-darwin.tar.gz"
url_api = "https://api.github.com/repos/microsoft/edit/releases/assets/407512646"

[tools.edit."platforms.windows-x64"]
checksum = "sha256:97b8f2c667faea8f211af5f9c879602949164911d74d16f540bbe31ad46c14cb"
url = "https://github.com/microsoft/edit/releases/download/v2.0.0/edit-2.0.0-x86_64-windows.zip"
url_api = "https://api.github.com/repos/microsoft/edit/releases/assets/407512630"

[[tools.eza]]
version = "0.23.5"
backend = "asdf:eza"

[[tools.fastfetch]]
version = "2.67.1"
backend = "aqua:fastfetch-cli/fastfetch"

[tools.fastfetch."platforms.linux-arm64"]
checksum = "sha256:b974b76e3d8df90311440a2250c83561aa0a863f129925285f2789d932b4cbaa"
url = "https://github.com/fastfetch-cli/fastfetch/releases/download/2.67.1/fastfetch-linux-aarch64.tar.gz"
url_api = "https://api.github.com/repos/fastfetch-cli/fastfetch/releases/assets/514064958"

[tools.fastfetch."platforms.linux-arm64-musl"]
checksum = "sha256:b974b76e3d8df90311440a2250c83561aa0a863f129925285f2789d932b4cbaa"
url = "https://github.com/fastfetch-cli/fastfetch/releases/download/2.67.1/fastfetch-linux-aarch64.tar.gz"
url_api = "https://api.github.com/repos/fastfetch-cli/fastfetch/releases/assets/514064958"

[tools.fastfetch."platforms.linux-x64"]
checksum = "sha256:adc8a9eb64eccef267e50bb1e6f9a767bb608da5ee4a3b652ef36a10d9105d4d"
url = "https://github.com/fastfetch-cli/fastfetch/releases/download/2.67.1/fastfetch-linux-amd64.tar.gz"
url_api = "https://api.github.com/repos/fastfetch-cli/fastfetch/releases/assets/514064883"

[tools.fastfetch."platforms.linux-x64-musl"]
checksum = "sha256:adc8a9eb64eccef267e50bb1e6f9a767bb608da5ee4a3b652ef36a10d9105d4d"
url = "https://github.com/fastfetch-cli/fastfetch/releases/download/2.67.1/fastfetch-linux-amd64.tar.gz"
url_api = "https://api.github.com/repos/fastfetch-cli/fastfetch/releases/assets/514064883"

[tools.fastfetch."platforms.macos-arm64"]
checksum = "sha256:4a9b6847ec600ee1adb222ec5e1df60bf0e43768f9a21fbf20b14eaef9fecb0b"
url = "https://github.com/fastfetch-cli/fastfetch/releases/download/2.67.1/fastfetch-macos-aarch64.tar.gz"
url_api = "https://api.github.com/repos/fastfetch-cli/fastfetch/releases/assets/514064584"

[tools.fastfetch."platforms.macos-x64"]
checksum = "sha256:c114d6c2fe8d0d2de0a896e5bb397004785599b3df4ed368ea16c125e3c6db79"
url = "https://github.com/fastfetch-cli/fastfetch/releases/download/2.67.1/fastfetch-macos-amd64.tar.gz"
url_api = "https://api.github.com/repos/fastfetch-cli/fastfetch/releases/assets/514064559"

[tools.fastfetch."platforms.windows-x64"]
checksum = "sha256:19aeb34e4bb5b19f09236afbb6fb617241828cd94d967e7108c5eb3471cd26d8"
url = "https://github.com/fastfetch-cli/fastfetch/releases/download/2.67.1/fastfetch-windows-amd64.zip"
url_api = "https://api.github.com/repos/fastfetch-cli/fastfetch/releases/assets/514064396"

[[tools.ghq]]
version = "1.10.1"
backend = "aqua:x-motemen/ghq"

[tools.ghq."platforms.linux-arm64"]
checksum = "sha256:7ed154f62751e91c8a2d415280caeeba3d114050d01e39f3d0f4aa1be15f3954"
url = "https://github.com/x-motemen/ghq/releases/download/v1.10.1/ghq_linux_arm64.zip"
url_api = "https://api.github.com/repos/x-motemen/ghq/releases/assets/394135805"

[tools.ghq."platforms.linux-arm64-musl"]
checksum = "sha256:7ed154f62751e91c8a2d415280caeeba3d114050d01e39f3d0f4aa1be15f3954"
url = "https://github.com/x-motemen/ghq/releases/download/v1.10.1/ghq_linux_arm64.zip"
url_api = "https://api.github.com/repos/x-motemen/ghq/releases/assets/394135805"

[tools.ghq."platforms.linux-x64"]
checksum = "sha256:32e380aa8ac76fdd58758cc06174d9ee5db7270bd0cbcc18138b5d36def91b6b"
url = "https://github.com/x-motemen/ghq/releases/download/v1.10.1/ghq_linux_amd64.zip"
url_api = "https://api.github.com/repos/x-motemen/ghq/releases/assets/394135802"

[tools.ghq."platforms.linux-x64-musl"]
checksum = "sha256:32e380aa8ac76fdd58758cc06174d9ee5db7270bd0cbcc18138b5d36def91b6b"
url = "https://github.com/x-motemen/ghq/releases/download/v1.10.1/ghq_linux_amd64.zip"
url_api = "https://api.github.com/repos/x-motemen/ghq/releases/assets/394135802"

[tools.ghq."platforms.macos-arm64"]
checksum = "sha256:5e3100de0c5a248eebe6ab176ad94d6e12386af70a58c535368a4301861b1398"
url = "https://github.com/x-motemen/ghq/releases/download/v1.10.1/ghq_darwin_arm64.zip"
url_api = "https://api.github.com/repos/x-motemen/ghq/releases/assets/394135804"

[tools.ghq."platforms.macos-x64"]
checksum = "sha256:491e88380b817eee3ab5a3aa09dbe8491b9495a0ffc5223b60e7f4679a97a8eb"
url = "https://github.com/x-motemen/ghq/releases/download/v1.10.1/ghq_darwin_amd64.zip"
url_api = "https://api.github.com/repos/x-motemen/ghq/releases/assets/394135808"

[tools.ghq."platforms.windows-x64"]
checksum = "sha256:a526da44d5f67250598fa95e5654815e9f672b2c05d1d98c28bce0e60d3cfa6c"
url = "https://github.com/x-motemen/ghq/releases/download/v1.10.1/ghq_windows_amd64.zip"
url_api = "https://api.github.com/repos/x-motemen/ghq/releases/assets/394135809"

[[tools.lazygit]]
version = "0.64.1"
backend = "aqua:jesseduffield/lazygit"

[tools.lazygit."platforms.linux-arm64"]
checksum = "sha256:8b7ca3b344e60340ad1f89f29b9868ee39bcaba5bb92ee818bbe65476bb8b6e7"
url = "https://github.com/jesseduffield/lazygit/releases/download/v0.64.1/lazygit_0.64.1_linux_arm64.tar.gz"
url_api = "https://api.github.com/repos/jesseduffield/lazygit/releases/assets/511894160"

[tools.lazygit."platforms.linux-arm64-musl"]
checksum = "sha256:8b7ca3b344e60340ad1f89f29b9868ee39bcaba5bb92ee818bbe65476bb8b6e7"
url = "https://github.com/jesseduffield/lazygit/releases/download/v0.64.1/lazygit_0.64.1_linux_arm64.tar.gz"
url_api = "https://api.github.com/repos/jesseduffield/lazygit/releases/assets/511894160"

[tools.lazygit."platforms.linux-x64"]
checksum = "sha256:f8ea237c41f194cd799b48505518bfdaae4edf5a2ad6bd3d898e939785ee4532"
url = "https://github.com/jesseduffield/lazygit/releases/download/v0.64.1/lazygit_0.64.1_linux_x86_64.tar.gz"
url_api = "https://api.github.com/repos/jesseduffield/lazygit/releases/assets/511894209"

[tools.lazygit."platforms.linux-x64-musl"]
checksum = "sha256:f8ea237c41f194cd799b48505518bfdaae4edf5a2ad6bd3d898e939785ee4532"
url = "https://github.com/jesseduffield/lazygit/releases/download/v0.64.1/lazygit_0.64.1_linux_x86_64.tar.gz"
url_api = "https://api.github.com/repos/jesseduffield/lazygit/releases/assets/511894209"

[tools.lazygit."platforms.macos-arm64"]
checksum = "sha256:a106b4c1bf8ab7539c4afb40a01cbde263a96513cdcb8bf7630278f07e88cd99"
url = "https://github.com/jesseduffield/lazygit/releases/download/v0.64.1/lazygit_0.64.1_darwin_arm64.tar.gz"
url_api = "https://api.github.com/repos/jesseduffield/lazygit/releases/assets/511894212"

[tools.lazygit."platforms.macos-x64"]
checksum = "sha256:f727fdf2efa46f78d102639eafe085cef437928da1e9ec79ec8e203b8a12f2a2"
url = "https://github.com/jesseduffield/lazygit/releases/download/v0.64.1/lazygit_0.64.1_darwin_x86_64.tar.gz"
url_api = "https://api.github.com/repos/jesseduffield/lazygit/releases/assets/511894192"

[tools.lazygit."platforms.windows-x64"]
checksum = "sha256:de8eca2cf2e75857882d313bf9dfc706a7aae893951ab29df706c99b525661ae"
url = "https://github.com/jesseduffield/lazygit/releases/download/v0.64.1/lazygit_0.64.1_windows_x86_64.zip"
url_api = "https://api.github.com/repos/jesseduffield/lazygit/releases/assets/511894165"

[[tools.node]]
version = "26.7.0"
backend = "core:node"

[tools.node."platforms.linux-arm64"]
checksum = "sha256:925aa6157dd37542d0d7f2e28b7bf61e7b39284411210b0498bc3788db4aef68"
url = "https://nodejs.org/dist/v26.7.0/node-v26.7.0-linux-arm64.tar.gz"

[tools.node."platforms.linux-arm64-musl"]
checksum = "sha256:1f16cc0f6febcb1bed1d4550306806dbcfbaf5c1bc2f44f3c5c8b5d22a4cc27a"
url = "https://unofficial-builds.nodejs.org/download/release/v26.7.0/node-v26.7.0-linux-arm64-musl.tar.gz"

[tools.node."platforms.linux-x64"]
checksum = "sha256:bd6b6c31e377bad9ad579bed72e5bc11f4c879ac9452ad51d30e646ea3d828df"
url = "https://nodejs.org/dist/v26.7.0/node-v26.7.0-linux-x64.tar.gz"

[tools.node."platforms.linux-x64-musl"]
checksum = "sha256:5dc0180e7684ede6fc9d9e6333da45686f4b5a7820729d33c68335b283337295"
url = "https://unofficial-builds.nodejs.org/download/release/v26.7.0/node-v26.7.0-linux-x64-musl.tar.gz"

[tools.node."platforms.macos-arm64"]
checksum = "sha256:7ee659a7768e641bbfd5360940660b8e8fd0052f77488f365562bac522fc15d4"
url = "https://nodejs.org/dist/v26.7.0/node-v26.7.0-darwin-arm64.tar.gz"

[tools.node."platforms.macos-x64"]
checksum = "sha256:f279d1ed28ce57f7788bf23435d2ad7fdd7438904ad5c4d8a1081a7cde3d4b96"
url = "https://nodejs.org/dist/v26.7.0/node-v26.7.0-darwin-x64.tar.gz"

[tools.node."platforms.windows-x64"]
checksum = "sha256:d3bd72755141ed32bbcd841228ee81897c8a98d50dfa7dae2179399a0a7c90f8"
url = "https://nodejs.org/dist/v26.7.0/node-v26.7.0-win-x64.zip"

[[tools."npm:fx"]]
version = "39.2.0"
backend = "npm:fx"

[[tools.usage]]
version = "5.1.0"
backend = "ubi:jdx/usage"

[tools.usage."platforms.linux-x64-usage"]
checksum = "blake3:ab91cda8347d09129effa1d9ec04b1486547b0fcf4087f12c21cde96f3a06037"

[[tools.yazi]]
version = "26.8.15"
backend = "aqua:sxyazi/yazi"

[tools.yazi."platforms.linux-arm64"]
checksum = "sha256:dfaafadd3a80a18ccbd24c32be4888178202ea96f784a9b1021d526c908cab4b"
url = "https://github.com/sxyazi/yazi/releases/download/v26.8.15/yazi-aarch64-unknown-linux-musl.zip"
url_api = "https://api.github.com/repos/sxyazi/yazi/releases/assets/515472937"

[tools.yazi."platforms.linux-arm64-musl"]
checksum = "sha256:dfaafadd3a80a18ccbd24c32be4888178202ea96f784a9b1021d526c908cab4b"
url = "https://github.com/sxyazi/yazi/releases/download/v26.8.15/yazi-aarch64-unknown-linux-musl.zip"
url_api = "https://api.github.com/repos/sxyazi/yazi/releases/assets/515472937"

[tools.yazi."platforms.linux-x64"]
checksum = "sha256:a6702034790afcdbb546b73b288c9b184a751fa3f2f17f0ad4d26fc302fb8d45"
url = "https://github.com/sxyazi/yazi/releases/download/v26.8.15/yazi-x86_64-unknown-linux-musl.zip"
url_api = "https://api.github.com/repos/sxyazi/yazi/releases/assets/515472939"

[tools.yazi."platforms.linux-x64-musl"]
checksum = "sha256:a6702034790afcdbb546b73b288c9b184a751fa3f2f17f0ad4d26fc302fb8d45"
url = "https://github.com/sxyazi/yazi/releases/download/v26.8.15/yazi-x86_64-unknown-linux-musl.zip"
url_api = "https://api.github.com/repos/sxyazi/yazi/releases/assets/515472939"

[tools.yazi."platforms.macos-arm64"]
checksum = "sha256:3f54907ea08abe96506f4b22239340ed8923a6aeaeae78f33d59bce57daca4cd"
url = "https://github.com/sxyazi/yazi/releases/download/v26.8.15/yazi-aarch64-apple-darwin.zip"
url_api = "https://api.github.com/repos/sxyazi/yazi/releases/assets/515472942"

[tools.yazi."platforms.macos-x64"]
checksum = "sha256:70bb2bcf57d8af862a54e2d12f2fddceefb9aa4ba3783e9a4dcbf2a8e64aacb3"
url = "https://github.com/sxyazi/yazi/releases/download/v26.8.15/yazi-x86_64-apple-darwin.zip"
url_api = "https://api.github.com/repos/sxyazi/yazi/releases/assets/515472934"

[tools.yazi."platforms.windows-x64"]
checksum = "sha256:451f6770999fa8f9b08e6c9f94a688c263b6d3007b0944c4407f1ae335eace30"
url = "https://github.com/sxyazi/yazi/releases/download/v26.8.15/yazi-x86_64-pc-windows-msvc.zip"
url_api = "https://api.github.com/repos/sxyazi/yazi/releases/assets/515472935"
